
Microsoft Visual Studio Solution File, Format Version 12.00
# Visual Studio Version 16
VisualStudioVersion = 16.0.30621.155
MinimumVisualStudioVersion = 10.0.40219.1
Project("{8BC9CEB8-8B4A-11D0-8D11-00A0C91BC942}") = "FractalApp", "FractalApp\FractalApp.vcxproj", "{BFF96B9C-2114-401E-A16D-794EBA64C086}"
EndProject
Project("{8BC9CEB8-8B4A-11D0-8D11-00A0C91BC942}") = "UnitTests", "UnitTests\UnitTests.vcxproj", "{1320D57D-C36A-41CF-9865-C3EC23228BE6}"
EndProject
Project("{8BC9CEB8-8B4A-11D0-8D11-00A0C91BC942}") = "Console", "Console\Console.vcxproj", "{1CBE2B56-253E-4AF7-AE4A-9E68A25A746E}"
EndProject
Global
	GlobalSection(SolutionConfigurationPlatforms) = preSolution
		Debug|x64 = Debug|x64
		Debug|x86 = Debug|x86
		Release|x64 = Release|x64
		Release|x86 = Release|x86
	EndGlobalSection
	GlobalSection(ProjectConfigurationPlatforms) = postSolution
		{BFF96B9C-2114-401E-A16D-794EBA64C086}.Debug|x64.ActiveCfg = Debug|x64
		{BFF96B9C-2114-401E-A16D-794EBA64C086}.Debug|x64.Build.0 = Debug|x64
		{BFF96B9C-2114-401E-A16D-794EBA64C086}.Debug|x86.ActiveCfg = Debug|Win32
		{BFF96B9C-2114-401E-A16D-794EBA64C086}.Debug|x86.Build.0 = Debug|Win32
		{BFF96B9C-2114-401E-A16D-794EBA64C086}.Release|x64.ActiveCfg = Release|x64
		{BFF96B9C-2114-401E-A16D-794EBA64C086}.Release|x64.Build.0 = Release|x64
		{BFF96B9C-2114-401E-A16D-794EBA64C086}.Release|x86.ActiveCfg = Release|Win32
		{BFF96B9C-2114-401E-A16D-794EBA64C086}.Release|x86.Build.0 = Release|Win32
		{1320D57D-C36A-41CF-9865-C3EC23228BE6}.Debug|x64.ActiveCfg = Debug|x64
		{1320D57D-C36A-41CF-9865-C3EC23228BE6}.Debug|x64.Build.0 = Debug|x64
		{1320D57D-C36A-41CF-9865-C3EC23228BE6}.Debug|x86.ActiveCfg = Debug|Win32
		{1320D57D-C36A-41CF-9865-C3EC23228BE6}.Debug|x86.Build.0 = Debug|Win32
		{1320D57D-C36A-41CF-9865-C3EC23228BE6}.Release|x64.ActiveCfg = Release|x64
		{1320D57D-C36A-41CF-9865-C3EC23228BE6}.Release|x64.Build.0 = Release|x64
		{1320D57D-C36A-41CF-9865-C3EC23228BE6}.Release|x86.ActiveCfg = Release|Win32
		{1320D57D-C36A-41CF-9865-C3EC23228BE6}.Release|x86.Build.0 = Release|Win32
		{1CBE2B56-253E-4AF7-AE4A-9E68A25A746E}.Debug|x64.ActiveCfg = Debug|x64
		{1CBE2B56-253E-4AF7-AE4A-9E68A25A746E}.Debug|x64.Build.0 = Debug|x64
		{1CBE2B56-253E-4AF7-AE4A-9E68A25A746E}.Debug|x86.ActiveCfg = Debug|Win32
		{1CBE2B56-253E-4AF7-AE4A-9E68A25A746E}.Debug|x86.Build.0 = Debug|Win32
		{1CBE2B56-253E-4AF7-AE4A-9E68A25A746E}.Release|x64.ActiveCfg = Release|x64
		{1CBE2B56-253E-4AF7-AE4A-9E68A25A746E}.Release|x64.Build.0 = Release|x64
		{1CBE2B56-253E-4AF7-AE4A-9E68A25A746E}.Release|x86.ActiveCfg = Release|Win32
		{1CBE2B56-253E-4AF7-AE4A-9E68A25A746E}.Release|x86.Build.0 = Release|Win32
	EndGlobalSection
	GlobalSection(SolutionProperties) = preSolution
		HideSolutionNode = FALSE
	EndGlobalSection
	GlobalSection(ExtensibilityGlobals) = postSolution
		SolutionGuid = {4323EBFB-BE52-4168-A9E3-8E83CD921425}
	EndGlobalSection
EndGlobal
